<Solution>
  <Folder Name="/samples/">
    <Project Path="samples/CacheOrchestrator.Minimal/CacheOrchestrator.Minimal.csproj" />
    <Project Path="samples/CacheOrchestrator.Sample/CacheOrchestrator.Sample.csproj" />
  </Folder>
  <Folder Name="/Solution Items/">
    <File Path=".editorconfig" />
    <File Path=".gitignore" />
    <File Path="README.md" />
  </Folder>
  <Folder Name="/src/">
    <Project Path="src/CacheOrchestrator.AdminConsole/CacheOrchestrator.AdminConsole.csproj" />
    <Project Path="src/CacheOrchestrator.HttpBus/CacheOrchestrator.HttpBus.csproj" />
    <Project Path="src/CacheOrchestrator.EFCore.Invalidation/CacheOrchestrator.EFCore.Invalidation.csproj" />
    <Project Path="src/CacheOrchestrator.Redis.Shared/CacheOrchestrator.Redis.Shared.csproj" />
    <Project Path="src/CacheOrchestrator.AspNetCore.Redis/CacheOrchestrator.AspNetCore.Redis.csproj" />
    <Project Path="src/CacheOrchestrator.FusionCache.Redis/CacheOrchestrator.FusionCache.Redis.csproj" />
    <Project Path="src/CacheOrchestrator.Redis/CacheOrchestrator.Redis.csproj" />
    <Project Path="src/CacheOrchestrator.Core/CacheOrchestrator.Core.csproj" />
    <Project Path="src/CacheOrchestrator.FusionCache/CacheOrchestrator.FusionCache.csproj" />
    <Project Path="src/CacheOrchestrator.HybridCache/CacheOrchestrator.HybridCache.csproj" />
    <Project Path="src/CacheOrchestrator.AspNetCore/CacheOrchestrator.AspNetCore.csproj" />
    <Project Path="src/CacheOrchestrator/CacheOrchestrator.csproj" />
  </Folder>
  <Folder Name="/tests/">
    <Project Path="tests/CacheOrchestrator.AdminConsole.UnitTests/CacheOrchestrator.AdminConsole.UnitTests.csproj" />
    <Project Path="tests/CacheOrchestrator.Benchmarks/CacheOrchestrator.Benchmarks.csproj" />
    <Project Path="tests/CacheOrchestrator.HttpBus.UnitTests/CacheOrchestrator.HttpBus.UnitTests.csproj" />
    <Project Path="tests/CacheOrchestrator.EFCore.Invalidation.UnitTests/CacheOrchestrator.EFCore.Invalidation.UnitTests.csproj" />
    <Project Path="tests/CacheOrchestrator.IntegrationTests/CacheOrchestrator.IntegrationTests.csproj" />
    <Project Path="tests/CacheOrchestrator.Redis.Shared.UnitTests/CacheOrchestrator.Redis.Shared.UnitTests.csproj" />
    <Project Path="tests/CacheOrchestrator.AspNetCore.Redis.UnitTests/CacheOrchestrator.AspNetCore.Redis.UnitTests.csproj" />
    <Project Path="tests/CacheOrchestrator.FusionCache.Redis.UnitTests/CacheOrchestrator.FusionCache.Redis.UnitTests.csproj" />
    <Project Path="tests/CacheOrchestrator.Redis.UnitTests/CacheOrchestrator.Redis.UnitTests.csproj" />
    <Project Path="tests/CacheOrchestrator.Core.UnitTests/CacheOrchestrator.Core.UnitTests.csproj" />
    <Project Path="tests/CacheOrchestrator.FusionCache.UnitTests/CacheOrchestrator.FusionCache.UnitTests.csproj" />
    <Project Path="tests/CacheOrchestrator.HybridCache.UnitTests/CacheOrchestrator.HybridCache.UnitTests.csproj" />
    <Project Path="tests/CacheOrchestrator.AspNetCore.UnitTests/CacheOrchestrator.AspNetCore.UnitTests.csproj" />
  </Folder>
</Solution>
